{
    "name": "openchecklist",
    "version": "0.0.0",
    "lockfileVersion": 2,
    "requires": true,
    "packages": {
        "": {
            "name": "openchecklist",
            "version": "0.0.0",
            "license": "Unlicense",
            "devDependencies": {
                "@playwright/test": "^1.27.1",
                "@types/node": "^18.7.17",
                "prettier": "^2.7.1"
            },
            "engines": {
                "node": ">=16.17",
                "npm": ">=8.15"
            }
        },
        "node_modules/@playwright/test": {
            "version": "1.27.1",
            "resolved": "https://registry.npmjs.org/@playwright/test/-/test-1.27.1.tgz",
            "integrity": "sha512-mrL2q0an/7tVqniQQF6RBL2saskjljXzqNcCOVMUjRIgE6Y38nCNaP+Dc2FBW06bcpD3tqIws/HT9qiMHbNU0A==",
            "dev": true,
            "dependencies": {
                "@types/node": "*",
                "playwright-core": "1.27.1"
            },
            "bin": {
                "playwright": "cli.js"
            },
            "engines": {
                "node": ">=14"
            }
        },
        "node_modules/@types/node": {
            "version": "18.7.17",
            "resolved": "https://registry.npmjs.org/@types/node/-/node-18.7.17.tgz",
            "integrity": "sha512-0UyfUnt02zIuqp7yC8RYtDkp/vo8bFaQ13KkSEvUAohPOAlnVNbj5Fi3fgPSuwzakS+EvvnnZ4x9y7i6ASaSPQ==",
            "dev": true
        },
        "node_modules/playwright-core": {
            "version": "1.27.1",
            "resolved": "https://registry.npmjs.org/playwright-core/-/playwright-core-1.27.1.tgz",
            "integrity": "sha512-9EmeXDncC2Pmp/z+teoVYlvmPWUC6ejSSYZUln7YaP89Z6lpAaiaAnqroUt/BoLo8tn7WYShcfaCh+xofZa44Q==",
            "dev": true,
            "bin": {
                "playwright": "cli.js"
            },
            "engines": {
                "node": ">=14"
            }
        },
        "node_modules/prettier": {
            "version": "2.7.1",
            "resolved": "https://registry.npmjs.org/prettier/-/prettier-2.7.1.tgz",
            "integrity": "sha512-ujppO+MkdPqoVINuDFDRLClm7D78qbDt0/NR+wp5FqEZOoTNAjPHWj17QRhu7geIHJfcNhRk1XVQmF8Bp3ye+g==",
            "dev": true,
            "bin": {
                "prettier": "bin-prettier.js"
            },
            "engines": {
                "node": ">=10.13.0"
            },
            "funding": {
                "url": "https://github.com/prettier/prettier?sponsor=1"
            }
        }
    },
    "dependencies": {
        "@playwright/test": {
            "version": "1.27.1",
            "resolved": "https://registry.npmjs.org/@playwright/test/-/test-1.27.1.tgz",
            "integrity": "sha512-mrL2q0an/7tVqniQQF6RBL2saskjljXzqNcCOVMUjRIgE6Y38nCNaP+Dc2FBW06bcpD3tqIws/HT9qiMHbNU0A==",
            "dev": true,
            "requires": {
                "@types/node": "*",
                "playwright-core": "1.27.1"
            }
        },
        "@types/node": {
            "version": "18.7.17",
            "resolved": "https://registry.npmjs.org/@types/node/-/node-18.7.17.tgz",
            "integrity": "sha512-0UyfUnt02zIuqp7yC8RYtDkp/vo8bFaQ13KkSEvUAohPOAlnVNbj5Fi3fgPSuwzakS+EvvnnZ4x9y7i6ASaSPQ==",
            "dev": true
        },
        "playwright-core": {
            "version": "1.27.1",
            "resolved": "https://registry.npmjs.org/playwright-core/-/playwright-core-1.27.1.tgz",
            "integrity": "sha512-9EmeXDncC2Pmp/z+teoVYlvmPWUC6ejSSYZUln7YaP89Z6lpAaiaAnqroUt/BoLo8tn7WYShcfaCh+xofZa44Q==",
            "dev": true
        },
        "prettier": {
            "version": "2.7.1",
            "resolved": "https://registry.npmjs.org/prettier/-/prettier-2.7.1.tgz",
            "integrity": "sha512-ujppO+MkdPqoVINuDFDRLClm7D78qbDt0/NR+wp5FqEZOoTNAjPHWj17QRhu7geIHJfcNhRk1XVQmF8Bp3ye+g==",
            "dev": true
        }
    }
}
